
Microsoft Visual Studio Solution File, Format Version 12.00
# Visual Studio Version 17
VisualStudioVersion = 17.5.33516.290
MinimumVisualStudioVersion = 10.0.40219.1
Project("{FAE04EC0-301F-11D3-BF4B-00C04F79EFBC}") = "MLApp", "MLApp.csproj", "{CBC34B55-9059-4ED5-811F-8BFC7D1B1BE0}"
EndProject
Global
	GlobalSection(SolutionConfigurationPlatforms) = preSolution
		Debug|Any CPU = Debug|Any CPU
		Release|Any CPU = Release|Any CPU
	EndGlobalSection
	GlobalSection(ProjectConfigurationPlatforms) = postSolution
		{CBC34B55-9059-4ED5-811F-8BFC7D1B1BE0}.Debug|Any CPU.ActiveCfg = Debug|Any CPU
		{CBC34B55-9059-4ED5-811F-8BFC7D1B1BE0}.Debug|Any CPU.Build.0 = Debug|Any CPU
		{CBC34B55-9059-4ED5-811F-8BFC7D1B1BE0}.Release|Any CPU.ActiveCfg = Release|Any CPU
		{CBC34B55-9059-4ED5-811F-8BFC7D1B1BE0}.Release|Any CPU.Build.0 = Release|Any CPU
	EndGlobalSection
	GlobalSection(SolutionProperties) = preSolution
		HideSolutionNode = FALSE
	EndGlobalSection
	GlobalSection(ExtensibilityGlobals) = postSolution
		SolutionGuid = {94E1DAE9-79B3-490C-AC05-7EAC6314F4BF}
	EndGlobalSection
EndGlobal
